
Microsoft Visual Studio Solution File, Format Version 12.00
# Visual Studio Version 17
VisualStudioVersion = 17.9.34310.174
MinimumVisualStudioVersion = 10.0.40219.1
Project("{9A19103F-16F7-4668-BE54-9A1E7A4F7556}") = "Common", "Common\Common.csproj", "{163B291D-05B2-40E9-A533-A6C05E95B20E}"
EndProject
Project("{9A19103F-16F7-4668-BE54-9A1E7A4F7556}") = "Day04", "Day04\Day04.csproj", "{07AF368A-4EEC-48DD-A665-6459BA302132}"
EndProject
Project("{9A19103F-16F7-4668-BE54-9A1E7A4F7556}") = "Day05", "Day05\Day05.csproj", "{B61B441F-64D4-4619-ACAA-6B01F1BF05C5}"
EndProject
Project("{9A19103F-16F7-4668-BE54-9A1E7A4F7556}") = "Day06", "Day06\Day06.csproj", "{9316122F-8D99-48BE-AEE7-2FE366CCAC8E}"
EndProject
Project("{9A19103F-16F7-4668-BE54-9A1E7A4F7556}") = "Day07", "Day07\Day07.csproj", "{449BF37E-BCA8-4172-AABF-F257AE01B4BD}"
EndProject
Project("{9A19103F-16F7-4668-BE54-9A1E7A4F7556}") = "Day08", "Day08\Day08.csproj", "{FF67E291-B31D-44E8-8682-9E0B4555D8CF}"
EndProject
Project("{9A19103F-16F7-4668-BE54-9A1E7A4F7556}") = "Day09", "Day09\Day09.csproj", "{067A45BC-7334-4361-96AA-5B6CC93B20C4}"
EndProject
Project("{9A19103F-16F7-4668-BE54-9A1E7A4F7556}") = "Day10", "Day10\Day10.csproj", "{798A55FD-3A96-4956-B6F8-B66F3CB1F57D}"
EndProject
Project("{9A19103F-16F7-4668-BE54-9A1E7A4F7556}") = "Day11", "Day11\Day11.csproj", "{0AF1F633-82AF-43E2-A632-A562F94D701B}"
EndProject
Project("{9A19103F-16F7-4668-BE54-9A1E7A4F7556}") = "Day12", "Day12\Day12.csproj", "{460A572F-95DD-4B5F-9F35-D640A84CA3F8}"
EndProject
Project("{9A19103F-16F7-4668-BE54-9A1E7A4F7556}") = "Day13", "Day13\Day13.csproj", "{E5A934B9-33C7-4138-9F6D-CE4EA67F01A7}"
EndProject
Global
	GlobalSection(SolutionConfigurationPlatforms) = preSolution
		Debug|Any CPU = Debug|Any CPU
		Release|Any CPU = Release|Any CPU
	EndGlobalSection
	GlobalSection(ProjectConfigurationPlatforms) = postSolution
		{163B291D-05B2-40E9-A533-A6C05E95B20E}.Debug|Any CPU.ActiveCfg = Debug|Any CPU
		{163B291D-05B2-40E9-A533-A6C05E95B20E}.Debug|Any CPU.Build.0 = Debug|Any CPU
		{163B291D-05B2-40E9-A533-A6C05E95B20E}.Release|Any CPU.ActiveCfg = Release|Any CPU
		{163B291D-05B2-40E9-A533-A6C05E95B20E}.Release|Any CPU.Build.0 = Release|Any CPU
		{07AF368A-4EEC-48DD-A665-6459BA302132}.Debug|Any CPU.ActiveCfg = Debug|Any CPU
		{07AF368A-4EEC-48DD-A665-6459BA302132}.Debug|Any CPU.Build.0 = Debug|Any CPU
		{07AF368A-4EEC-48DD-A665-6459BA302132}.Release|Any CPU.ActiveCfg = Release|Any CPU
		{07AF368A-4EEC-48DD-A665-6459BA302132}.Release|Any CPU.Build.0 = Release|Any CPU
		{B61B441F-64D4-4619-ACAA-6B01F1BF05C5}.Debug|Any CPU.ActiveCfg = Debug|Any CPU
		{B61B441F-64D4-4619-ACAA-6B01F1BF05C5}.Debug|Any CPU.Build.0 = Debug|Any CPU
		{B61B441F-64D4-4619-ACAA-6B01F1BF05C5}.Release|Any CPU.ActiveCfg = Release|Any CPU
		{B61B441F-64D4-4619-ACAA-6B01F1BF05C5}.Release|Any CPU.Build.0 = Release|Any CPU
		{9316122F-8D99-48BE-AEE7-2FE366CCAC8E}.Debug|Any CPU.ActiveCfg = Debug|Any CPU
		{9316122F-8D99-48BE-AEE7-2FE366CCAC8E}.Debug|Any CPU.Build.0 = Debug|Any CPU
		{9316122F-8D99-48BE-AEE7-2FE366CCAC8E}.Release|Any CPU.ActiveCfg = Release|Any CPU
		{9316122F-8D99-48BE-AEE7-2FE366CCAC8E}.Release|Any CPU.Build.0 = Release|Any CPU
		{449BF37E-BCA8-4172-AABF-F257AE01B4BD}.Debug|Any CPU.ActiveCfg = Debug|Any CPU
		{449BF37E-BCA8-4172-AABF-F257AE01B4BD}.Debug|Any CPU.Build.0 = Debug|Any CPU
		{449BF37E-BCA8-4172-AABF-F257AE01B4BD}.Release|Any CPU.ActiveCfg = Release|Any CPU
		{449BF37E-BCA8-4172-AABF-F257AE01B4BD}.Release|Any CPU.Build.0 = Release|Any CPU
		{FF67E291-B31D-44E8-8682-9E0B4555D8CF}.Debug|Any CPU.ActiveCfg = Debug|Any CPU
		{FF67E291-B31D-44E8-8682-9E0B4555D8CF}.Debug|Any CPU.Build.0 = Debug|Any CPU
		{FF67E291-B31D-44E8-8682-9E0B4555D8CF}.Release|Any CPU.ActiveCfg = Release|Any CPU
		{FF67E291-B31D-44E8-8682-9E0B4555D8CF}.Release|Any CPU.Build.0 = Release|Any CPU
		{067A45BC-7334-4361-96AA-5B6CC93B20C4}.Debug|Any CPU.ActiveCfg = Debug|Any CPU
		{067A45BC-7334-4361-96AA-5B6CC93B20C4}.Debug|Any CPU.Build.0 = Debug|Any CPU
		{067A45BC-7334-4361-96AA-5B6CC93B20C4}.Release|Any CPU.ActiveCfg = Release|Any CPU
		{067A45BC-7334-4361-96AA-5B6CC93B20C4}.Release|Any CPU.Build.0 = Release|Any CPU
		{798A55FD-3A96-4956-B6F8-B66F3CB1F57D}.Debug|Any CPU.ActiveCfg = Debug|Any CPU
		{798A55FD-3A96-4956-B6F8-B66F3CB1F57D}.Debug|Any CPU.Build.0 = Debug|Any CPU
		{798A55FD-3A96-4956-B6F8-B66F3CB1F57D}.Release|Any CPU.ActiveCfg = Release|Any CPU
		{798A55FD-3A96-4956-B6F8-B66F3CB1F57D}.Release|Any CPU.Build.0 = Release|Any CPU
		{0AF1F633-82AF-43E2-A632-A562F94D701B}.Debug|Any CPU.ActiveCfg = Debug|Any CPU
		{0AF1F633-82AF-43E2-A632-A562F94D701B}.Debug|Any CPU.Build.0 = Debug|Any CPU
		{0AF1F633-82AF-43E2-A632-A562F94D701B}.Release|Any CPU.ActiveCfg = Release|Any CPU
		{0AF1F633-82AF-43E2-A632-A562F94D701B}.Release|Any CPU.Build.0 = Release|Any CPU
		{460A572F-95DD-4B5F-9F35-D640A84CA3F8}.Debug|Any CPU.ActiveCfg = Debug|Any CPU
		{460A572F-95DD-4B5F-9F35-D640A84CA3F8}.Debug|Any CPU.Build.0 = Debug|Any CPU
		{460A572F-95DD-4B5F-9F35-D640A84CA3F8}.Release|Any CPU.ActiveCfg = Release|Any CPU
		{460A572F-95DD-4B5F-9F35-D640A84CA3F8}.Release|Any CPU.Build.0 = Release|Any CPU
		{E5A934B9-33C7-4138-9F6D-CE4EA67F01A7}.Debug|Any CPU.ActiveCfg = Debug|Any CPU
		{E5A934B9-33C7-4138-9F6D-CE4EA67F01A7}.Debug|Any CPU.Build.0 = Debug|Any CPU
		{E5A934B9-33C7-4138-9F6D-CE4EA67F01A7}.Release|Any CPU.ActiveCfg = Release|Any CPU
		{E5A934B9-33C7-4138-9F6D-CE4EA67F01A7}.Release|Any CPU.Build.0 = Release|Any CPU
	EndGlobalSection
	GlobalSection(SolutionProperties) = preSolution
		HideSolutionNode = FALSE
	EndGlobalSection
	GlobalSection(ExtensibilityGlobals) = postSolution
		SolutionGuid = {21FD174C-231A-4FED-BB33-E1FFA90F0AD7}
	EndGlobalSection
EndGlobal
